
Microsoft Visual Studio Solution File, Format Version 12.00
# Visual Studio Version 17
VisualStudioVersion = 17.14.36119.2 d17.14
MinimumVisualStudioVersion = 10.0.40219.1
Project("{FAE04EC0-301F-11D3-BF4B-00C04F79EFBC}") = "Ejecicio1", "Ejecicio1\Ejecicio1.csproj", "{8690D0FA-ED33-4DEE-BAF7-18C00AB396E7}"
EndProject
Project("{FAE04EC0-301F-11D3-BF4B-00C04F79EFBC}") = "Ejercicio2", "Ejercicio2\Ejercicio2.csproj", "{3FA4F674-18FE-428B-9F3D-0C53A9102161}"
EndProject
Project("{FAE04EC0-301F-11D3-BF4B-00C04F79EFBC}") = "Ejercicio3", "Ejercicio3\Ejercicio3.csproj", "{3DFF02F3-0B7C-4695-8E9A-C11AA02BA01A}"
EndProject
Project("{FAE04EC0-301F-11D3-BF4B-00C04F79EFBC}") = "Ejercicio4", "Ejercicio4\Ejercicio4.csproj", "{50B1C3F8-6164-4952-9F47-15A33612F215}"
EndProject
Project("{FAE04EC0-301F-11D3-BF4B-00C04F79EFBC}") = "Ejercicio5", "Ejercicio5\Ejercicio5.csproj", "{DD7F2C52-BC3F-4C05-A416-2B7F0A3F2A11}"
EndProject
Project("{FAE04EC0-301F-11D3-BF4B-00C04F79EFBC}") = "Ejercicio6", "Ejercicio6\Ejercicio6.csproj", "{FA515A1D-9485-46F2-97F3-A5964127BC76}"
EndProject
Project("{FAE04EC0-301F-11D3-BF4B-00C04F79EFBC}") = "Ejercicio7", "Ejercicio7\Ejercicio7.csproj", "{AAB50E98-232B-4D20-BF8D-0EA9A05ECAC7}"
EndProject
Project("{FAE04EC0-301F-11D3-BF4B-00C04F79EFBC}") = "Ejercicio8", "Ejercicio8\Ejercicio8.csproj", "{58947665-E256-4584-B271-448920F6F8F6}"
EndProject
Project("{FAE04EC0-301F-11D3-BF4B-00C04F79EFBC}") = "Ejercicio9", "Ejercicio9\Ejercicio9.csproj", "{3BF76B1C-3B7C-4306-BAF9-D1DA26745ED8}"
EndProject
Project("{FAE04EC0-301F-11D3-BF4B-00C04F79EFBC}") = "Ejercicio10", "Ejercicio10\Ejercicio10.csproj", "{CF5A3886-3941-4527-A4E3-D47C3F575933}"
EndProject
Project("{FAE04EC0-301F-11D3-BF4B-00C04F79EFBC}") = "Ejercicio11", "Ejercicio11\Ejercicio11.csproj", "{96988D62-7DCC-43F5-ABCC-F6266319F629}"
EndProject
Project("{FAE04EC0-301F-11D3-BF4B-00C04F79EFBC}") = "Ejercicio12", "Ejercicio12\Ejercicio12.csproj", "{EAEC888E-8AE2-4B19-8CBF-2118B966321D}"
EndProject
Project("{FAE04EC0-301F-11D3-BF4B-00C04F79EFBC}") = "Ejercicio13", "Ejercicio13\Ejercicio13.csproj", "{1B9D4F4F-619B-4B66-84AC-FFFCB1EB3D39}"
EndProject
Project("{FAE04EC0-301F-11D3-BF4B-00C04F79EFBC}") = "Ejercicio14", "Ejercicio14\Ejercicio14.csproj", "{5FC4308B-F450-40E3-B518-BC1808C2AACB}"
EndProject
Project("{FAE04EC0-301F-11D3-BF4B-00C04F79EFBC}") = "Ejercicio16", "Ejercicio16\Ejercicio16.csproj", "{D13CC14F-09D6-4AF6-A28C-EC5725FD5789}"
EndProject
Global
	GlobalSection(SolutionConfigurationPlatforms) = preSolution
		Debug|Any CPU = Debug|Any CPU
		Release|Any CPU = Release|Any CPU
	EndGlobalSection
	GlobalSection(ProjectConfigurationPlatforms) = postSolution
		{8690D0FA-ED33-4DEE-BAF7-18C00AB396E7}.Debug|Any CPU.ActiveCfg = Debug|Any CPU
		{8690D0FA-ED33-4DEE-BAF7-18C00AB396E7}.Debug|Any CPU.Build.0 = Debug|Any CPU
		{8690D0FA-ED33-4DEE-BAF7-18C00AB396E7}.Release|Any CPU.ActiveCfg = Release|Any CPU
		{8690D0FA-ED33-4DEE-BAF7-18C00AB396E7}.Release|Any CPU.Build.0 = Release|Any CPU
		{3FA4F674-18FE-428B-9F3D-0C53A9102161}.Debug|Any CPU.ActiveCfg = Debug|Any CPU
		{3FA4F674-18FE-428B-9F3D-0C53A9102161}.Debug|Any CPU.Build.0 = Debug|Any CPU
		{3FA4F674-18FE-428B-9F3D-0C53A9102161}.Release|Any CPU.ActiveCfg = Release|Any CPU
		{3FA4F674-18FE-428B-9F3D-0C53A9102161}.Release|Any CPU.Build.0 = Release|Any CPU
		{3DFF02F3-0B7C-4695-8E9A-C11AA02BA01A}.Debug|Any CPU.ActiveCfg = Debug|Any CPU
		{3DFF02F3-0B7C-4695-8E9A-C11AA02BA01A}.Debug|Any CPU.Build.0 = Debug|Any CPU
		{3DFF02F3-0B7C-4695-8E9A-C11AA02BA01A}.Release|Any CPU.ActiveCfg = Release|Any CPU
		{3DFF02F3-0B7C-4695-8E9A-C11AA02BA01A}.Release|Any CPU.Build.0 = Release|Any CPU
		{50B1C3F8-6164-4952-9F47-15A33612F215}.Debug|Any CPU.ActiveCfg = Debug|Any CPU
		{50B1C3F8-6164-4952-9F47-15A33612F215}.Debug|Any CPU.Build.0 = Debug|Any CPU
		{50B1C3F8-6164-4952-9F47-15A33612F215}.Release|Any CPU.ActiveCfg = Release|Any CPU
		{50B1C3F8-6164-4952-9F47-15A33612F215}.Release|Any CPU.Build.0 = Release|Any CPU
		{DD7F2C52-BC3F-4C05-A416-2B7F0A3F2A11}.Debug|Any CPU.ActiveCfg = Debug|Any CPU
		{DD7F2C52-BC3F-4C05-A416-2B7F0A3F2A11}.Debug|Any CPU.Build.0 = Debug|Any CPU
		{DD7F2C52-BC3F-4C05-A416-2B7F0A3F2A11}.Release|Any CPU.ActiveCfg = Release|Any CPU
		{DD7F2C52-BC3F-4C05-A416-2B7F0A3F2A11}.Release|Any CPU.Build.0 = Release|Any CPU
		{FA515A1D-9485-46F2-97F3-A5964127BC76}.Debug|Any CPU.ActiveCfg = Debug|Any CPU
		{FA515A1D-9485-46F2-97F3-A5964127BC76}.Debug|Any CPU.Build.0 = Debug|Any CPU
		{FA515A1D-9485-46F2-97F3-A5964127BC76}.Release|Any CPU.ActiveCfg = Release|Any CPU
		{FA515A1D-9485-46F2-97F3-A5964127BC76}.Release|Any CPU.Build.0 = Release|Any CPU
		{AAB50E98-232B-4D20-BF8D-0EA9A05ECAC7}.Debug|Any CPU.ActiveCfg = Debug|Any CPU
		{AAB50E98-232B-4D20-BF8D-0EA9A05ECAC7}.Debug|Any CPU.Build.0 = Debug|Any CPU
		{AAB50E98-232B-4D20-BF8D-0EA9A05ECAC7}.Release|Any CPU.ActiveCfg = Release|Any CPU
		{AAB50E98-232B-4D20-BF8D-0EA9A05ECAC7}.Release|Any CPU.Build.0 = Release|Any CPU
		{58947665-E256-4584-B271-448920F6F8F6}.Debug|Any CPU.ActiveCfg = Debug|Any CPU
		{58947665-E256-4584-B271-448920F6F8F6}.Debug|Any CPU.Build.0 = Debug|Any CPU
		{58947665-E256-4584-B271-448920F6F8F6}.Release|Any CPU.ActiveCfg = Release|Any CPU
		{58947665-E256-4584-B271-448920F6F8F6}.Release|Any CPU.Build.0 = Release|Any CPU
		{3BF76B1C-3B7C-4306-BAF9-D1DA26745ED8}.Debug|Any CPU.ActiveCfg = Debug|Any CPU
		{3BF76B1C-3B7C-4306-BAF9-D1DA26745ED8}.Debug|Any CPU.Build.0 = Debug|Any CPU
		{3BF76B1C-3B7C-4306-BAF9-D1DA26745ED8}.Release|Any CPU.ActiveCfg = Release|Any CPU
		{3BF76B1C-3B7C-4306-BAF9-D1DA26745ED8}.Release|Any CPU.Build.0 = Release|Any CPU
		{CF5A3886-3941-4527-A4E3-D47C3F575933}.Debug|Any CPU.ActiveCfg = Debug|Any CPU
		{CF5A3886-3941-4527-A4E3-D47C3F575933}.Debug|Any CPU.Build.0 = Debug|Any CPU
		{CF5A3886-3941-4527-A4E3-D47C3F575933}.Release|Any CPU.ActiveCfg = Release|Any CPU
		{CF5A3886-3941-4527-A4E3-D47C3F575933}.Release|Any CPU.Build.0 = Release|Any CPU
		{96988D62-7DCC-43F5-ABCC-F6266319F629}.Debug|Any CPU.ActiveCfg = Debug|Any CPU
		{96988D62-7DCC-43F5-ABCC-F6266319F629}.Debug|Any CPU.Build.0 = Debug|Any CPU
		{96988D62-7DCC-43F5-ABCC-F6266319F629}.Release|Any CPU.ActiveCfg = Release|Any CPU
		{96988D62-7DCC-43F5-ABCC-F6266319F629}.Release|Any CPU.Build.0 = Release|Any CPU
		{EAEC888E-8AE2-4B19-8CBF-2118B966321D}.Debug|Any CPU.ActiveCfg = Debug|Any CPU
		{EAEC888E-8AE2-4B19-8CBF-2118B966321D}.Debug|Any CPU.Build.0 = Debug|Any CPU
		{EAEC888E-8AE2-4B19-8CBF-2118B966321D}.Release|Any CPU.ActiveCfg = Release|Any CPU
		{EAEC888E-8AE2-4B19-8CBF-2118B966321D}.Release|Any CPU.Build.0 = Release|Any CPU
		{1B9D4F4F-619B-4B66-84AC-FFFCB1EB3D39}.Debug|Any CPU.ActiveCfg = Debug|Any CPU
		{1B9D4F4F-619B-4B66-84AC-FFFCB1EB3D39}.Debug|Any CPU.Build.0 = Debug|Any CPU
		{1B9D4F4F-619B-4B66-84AC-FFFCB1EB3D39}.Release|Any CPU.ActiveCfg = Release|Any CPU
		{1B9D4F4F-619B-4B66-84AC-FFFCB1EB3D39}.Release|Any CPU.Build.0 = Release|Any CPU
		{5FC4308B-F450-40E3-B518-BC1808C2AACB}.Debug|Any CPU.ActiveCfg = Debug|Any CPU
		{5FC4308B-F450-40E3-B518-BC1808C2AACB}.Debug|Any CPU.Build.0 = Debug|Any CPU
		{5FC4308B-F450-40E3-B518-BC1808C2AACB}.Release|Any CPU.ActiveCfg = Release|Any CPU
		{5FC4308B-F450-40E3-B518-BC1808C2AACB}.Release|Any CPU.Build.0 = Release|Any CPU
		{D13CC14F-09D6-4AF6-A28C-EC5725FD5789}.Debug|Any CPU.ActiveCfg = Debug|Any CPU
		{D13CC14F-09D6-4AF6-A28C-EC5725FD5789}.Debug|Any CPU.Build.0 = Debug|Any CPU
		{D13CC14F-09D6-4AF6-A28C-EC5725FD5789}.Release|Any CPU.ActiveCfg = Release|Any CPU
		{D13CC14F-09D6-4AF6-A28C-EC5725FD5789}.Release|Any CPU.Build.0 = Release|Any CPU
	EndGlobalSection
	GlobalSection(SolutionProperties) = preSolution
		HideSolutionNode = FALSE
	EndGlobalSection
	GlobalSection(ExtensibilityGlobals) = postSolution
		SolutionGuid = {414CAA04-6CDF-4A23-8647-3A201AAC6453}
	EndGlobalSection
EndGlobal
