
Microsoft Visual Studio Solution File, Format Version 12.00
# Visual Studio Version 17
VisualStudioVersion = 17.14.36119.2 d17.14
MinimumVisualStudioVersion = 10.0.40219.1
Project("{FAE04EC0-301F-11D3-BF4B-00C04F79EFBC}") = "Ejecicio1", "Ejecicio1\Ejecicio1.csproj", "{8690D0FA-ED33-4DEE-BAF7-18C00AB396E7}"
EndProject
Project("{FAE04EC0-301F-11D3-BF4B-00C04F79EFBC}") = "Ejercicio2", "Ejercicio2\Ejercicio2.csproj", "{3FA4F674-18FE-428B-9F3D-0C53A9102161}"
EndProject
Global
	GlobalSection(SolutionConfigurationPlatforms) = preSolution
		Debug|Any CPU = Debug|Any CPU
		Release|Any CPU = Release|Any CPU
	EndGlobalSection
	GlobalSection(ProjectConfigurationPlatforms) = postSolution
		{8690D0FA-ED33-4DEE-BAF7-18C00AB396E7}.Debug|Any CPU.ActiveCfg = Debug|Any CPU
		{8690D0FA-ED33-4DEE-BAF7-18C00AB396E7}.Debug|Any CPU.Build.0 = Debug|Any CPU
		{8690D0FA-ED33-4DEE-BAF7-18C00AB396E7}.Release|Any CPU.ActiveCfg = Release|Any CPU
		{8690D0FA-ED33-4DEE-BAF7-18C00AB396E7}.Release|Any CPU.Build.0 = Release|Any CPU
		{3FA4F674-18FE-428B-9F3D-0C53A9102161}.Debug|Any CPU.ActiveCfg = Debug|Any CPU
		{3FA4F674-18FE-428B-9F3D-0C53A9102161}.Debug|Any CPU.Build.0 = Debug|Any CPU
		{3FA4F674-18FE-428B-9F3D-0C53A9102161}.Release|Any CPU.ActiveCfg = Release|Any CPU
		{3FA4F674-18FE-428B-9F3D-0C53A9102161}.Release|Any CPU.Build.0 = Release|Any CPU
	EndGlobalSection
	GlobalSection(SolutionProperties) = preSolution
		HideSolutionNode = FALSE
	EndGlobalSection
	GlobalSection(ExtensibilityGlobals) = postSolution
		SolutionGuid = {414CAA04-6CDF-4A23-8647-3A201AAC6453}
	EndGlobalSection
EndGlobal
